# Generated by buf. DO NOT EDIT.
version: v1
deps:
  - remote: buf.build
    owner: cncf
    repository: xds
    commit: 0492166643854ea08814f4349286f9cb
  - remote: buf.build
    owner: envoyproxy
    repository: envoy
    commit: be891e48766942f9aa8d6b91d98e8816
  - remote: buf.build
    owner: envoyproxy
    repository: protoc-gen-validate
    commit: dc09a417d27241f7b069feae2cd74a0e
  - remote: buf.build
    owner: googleapis
    repository: googleapis
    commit: 7529bb85c9cd4c489dba05e04769c547
  - remote: buf.build
    owner: grpc
    repository: grpc
    commit: e35016be50db469a97b06a4418fe917c
  - remote: buf.build
    owner: grpc-ecosystem
    repository: grpc-gateway
    commit: 00116f302b12478b85deb33b734e026c
  - remote: buf.build
    owner: opencensus
    repository: opencensus
    commit: d1d7ccd1281e4f42ab7ce9a7d2b29e33
  - remote: buf.build
    owner: opentelemetry
    repository: opentelemetry
    commit: 7cb99615439848c0ab760e4703be969f
  - remote: buf.build
    owner: prometheus
    repository: client-model
    commit: 1d56a02d481a412a83b3c4984eb90c2e
  - remote: buf.build
    owner: unitytestorg
    repository: gen-bq-schema
    commit: 51be830c4dd34c64a456c5b615ff81f8
